{
  "name": "simple-js-secp256k1",
  "version": "2.0.0",
  "lockfileVersion": 3,
  "requires": true,
  "packages": {
    "": {
      "name": "simple-js-secp256k1",
      "version": "2.0.0",
      "license": "MIT",
      "dependencies": {
        "simple-js-ec-math": "^2.0.1"
      }
    },
    "node_modules/simple-js-ec-math": {
      "version": "2.0.1",
      "resolved": "https://registry.npmjs.org/simple-js-ec-math/-/simple-js-ec-math-2.0.1.tgz",
      "integrity": "sha512-dtvRYEFWKr2MnIw7yKXmVat1BolRT/Q8iHrz5IMPrtXNZTAmcky/V0li3iabhRWKMBmfnuUZsNgBrl8EEj6+Qg=="
    }
  }
}
