{
  "name": "simple-js-secp256k1",
  "version": "1.0.0",
  "lockfileVersion": 1,
  "requires": true,
  "dependencies": {
    "big-integer": {
      "version": "1.6.43",
      "resolved": "https://registry.npmjs.org/big-integer/-/big-integer-1.6.43.tgz",
      "integrity": "sha512-9dULc9jsKmXl0Aeunug8wbF+58n+hQoFjqClN7WeZwGLh0XJUWyJJ9Ee+Ep+Ql/J9fRsTVaeThp8MhiCCrY0Jg=="
    },
    "simple-js-ec-math": {
      "version": "1.3.0",
      "resolved": "https://registry.npmjs.org/simple-js-ec-math/-/simple-js-ec-math-1.3.0.tgz",
      "integrity": "sha512-np9HTXQuUCL4PzZdGhbB3xr6IBl87q7vOyJplrMBaQyFyrQ/z+u7X6rpBlkHz6Wgxpdk7dXfIln4vktrt6GbTQ==",
      "requires": {
        "big-integer": "^1.6.43"
      }
    }
  }
}
